
Microsoft Visual Studio Solution File, Format Version 12.00
# Visual Studio 14
VisualStudioVersion = 14.0.25420.1
MinimumVisualStudioVersion = 10.0.40219.1
Project("{8BC9CEB8-8B4A-11D0-8D11-00A0C91BC942}") = "Injector", "Injector\Injector.vcxproj", "{734BBDDE-55F8-406D-8538-98E30E07FED1}"
EndProject
Project("{8BC9CEB8-8B4A-11D0-8D11-00A0C91BC942}") = "hooks", "hooks\hooks.vcxproj", "{72A411DE-1F22-4A6A-B0C8-E22E687E3088}"
EndProject
Project("{8BC9CEB8-8B4A-11D0-8D11-00A0C91BC942}") = "target", "target\target.vcxproj", "{40233D8F-567F-4078-AAE4-922D0A5C56A3}"
EndProject
Project("{2150E333-8FDC-42A3-9474-1A3956D46DE8}") = "Solution Items", "Solution Items", "{D10BD207-5FB7-479F-8750-9F81E5BE8143}"
	ProjectSection(SolutionItems) = preProject
		ReadMe.md = ReadMe.md
	EndProjectSection
EndProject
Global
	GlobalSection(SolutionConfigurationPlatforms) = preSolution
		Debug|x64 = Debug|x64
		Debug|x86 = Debug|x86
		Release|x64 = Release|x64
		Release|x86 = Release|x86
	EndGlobalSection
	GlobalSection(ProjectConfigurationPlatforms) = postSolution
		{734BBDDE-55F8-406D-8538-98E30E07FED1}.Debug|x64.ActiveCfg = Debug|x64
		{734BBDDE-55F8-406D-8538-98E30E07FED1}.Debug|x64.Build.0 = Debug|x64
		{734BBDDE-55F8-406D-8538-98E30E07FED1}.Debug|x86.ActiveCfg = Debug|Win32
		{734BBDDE-55F8-406D-8538-98E30E07FED1}.Debug|x86.Build.0 = Debug|Win32
		{734BBDDE-55F8-406D-8538-98E30E07FED1}.Release|x64.ActiveCfg = Release|x64
		{734BBDDE-55F8-406D-8538-98E30E07FED1}.Release|x64.Build.0 = Release|x64
		{734BBDDE-55F8-406D-8538-98E30E07FED1}.Release|x86.ActiveCfg = Release|Win32
		{734BBDDE-55F8-406D-8538-98E30E07FED1}.Release|x86.Build.0 = Release|Win32
		{72A411DE-1F22-4A6A-B0C8-E22E687E3088}.Debug|x64.ActiveCfg = Debug|x64
		{72A411DE-1F22-4A6A-B0C8-E22E687E3088}.Debug|x64.Build.0 = Debug|x64
		{72A411DE-1F22-4A6A-B0C8-E22E687E3088}.Debug|x86.ActiveCfg = Debug|Win32
		{72A411DE-1F22-4A6A-B0C8-E22E687E3088}.Debug|x86.Build.0 = Debug|Win32
		{72A411DE-1F22-4A6A-B0C8-E22E687E3088}.Release|x64.ActiveCfg = Release|x64
		{72A411DE-1F22-4A6A-B0C8-E22E687E3088}.Release|x64.Build.0 = Release|x64
		{72A411DE-1F22-4A6A-B0C8-E22E687E3088}.Release|x86.ActiveCfg = Release|Win32
		{72A411DE-1F22-4A6A-B0C8-E22E687E3088}.Release|x86.Build.0 = Release|Win32
		{40233D8F-567F-4078-AAE4-922D0A5C56A3}.Debug|x64.ActiveCfg = Debug|x64
		{40233D8F-567F-4078-AAE4-922D0A5C56A3}.Debug|x64.Build.0 = Debug|x64
		{40233D8F-567F-4078-AAE4-922D0A5C56A3}.Debug|x86.ActiveCfg = Debug|Win32
		{40233D8F-567F-4078-AAE4-922D0A5C56A3}.Debug|x86.Build.0 = Debug|Win32
		{40233D8F-567F-4078-AAE4-922D0A5C56A3}.Release|x64.ActiveCfg = Release|x64
		{40233D8F-567F-4078-AAE4-922D0A5C56A3}.Release|x64.Build.0 = Release|x64
		{40233D8F-567F-4078-AAE4-922D0A5C56A3}.Release|x86.ActiveCfg = Release|Win32
		{40233D8F-567F-4078-AAE4-922D0A5C56A3}.Release|x86.Build.0 = Release|Win32
	EndGlobalSection
	GlobalSection(SolutionProperties) = preSolution
		HideSolutionNode = FALSE
	EndGlobalSection
EndGlobal
